
Microsoft Visual Studio Solution File, Format Version 12.00
# Visual Studio Version 16
VisualStudioVersion = 16.0.31025.194
MinimumVisualStudioVersion = 10.0.40219.1
Project("{8BC9CEB8-8B4A-11D0-8D11-00A0C91BC942}") = "FractalPRJ", "FractalPRJ.vcxproj", "{75FC5094-D186-40C3-B0EA-9C5A1A930B44}"
EndProject
Global
	GlobalSection(SolutionConfigurationPlatforms) = preSolution
		Debug|x64 = Debug|x64
		Debug|x86 = Debug|x86
		Release|x64 = Release|x64
		Release|x86 = Release|x86
	EndGlobalSection
	GlobalSection(ProjectConfigurationPlatforms) = postSolution
		{75FC5094-D186-40C3-B0EA-9C5A1A930B44}.Debug|x64.ActiveCfg = Debug|x64
		{75FC5094-D186-40C3-B0EA-9C5A1A930B44}.Debug|x64.Build.0 = Debug|x64
		{75FC5094-D186-40C3-B0EA-9C5A1A930B44}.Debug|x86.ActiveCfg = Debug|Win32
		{75FC5094-D186-40C3-B0EA-9C5A1A930B44}.Debug|x86.Build.0 = Debug|Win32
		{75FC5094-D186-40C3-B0EA-9C5A1A930B44}.Release|x64.ActiveCfg = Release|x64
		{75FC5094-D186-40C3-B0EA-9C5A1A930B44}.Release|x64.Build.0 = Release|x64
		{75FC5094-D186-40C3-B0EA-9C5A1A930B44}.Release|x86.ActiveCfg = Release|Win32
		{75FC5094-D186-40C3-B0EA-9C5A1A930B44}.Release|x86.Build.0 = Release|Win32
	EndGlobalSection
	GlobalSection(SolutionProperties) = preSolution
		HideSolutionNode = FALSE
	EndGlobalSection
	GlobalSection(ExtensibilityGlobals) = postSolution
		SolutionGuid = {A7A0A7C0-5D55-4DAB-9947-0597703F7DE9}
	EndGlobalSection
EndGlobal
